
Microsoft Visual Studio Solution File, Format Version 12.00
# Visual Studio Version 17
VisualStudioVersion = 17.1.32414.318
MinimumVisualStudioVersion = 10.0.40219.1
Project("{FAE04EC0-301F-11D3-BF4B-00C04F79EFBC}") = "Fibonacci", "ConsoleApp1\Fibonacci.csproj", "{A1829C69-B298-42C6-A4EF-425E9477E21C}"
EndProject
Global
	GlobalSection(SolutionConfigurationPlatforms) = preSolution
		Debug|Any CPU = Debug|Any CPU
		Release|Any CPU = Release|Any CPU
	EndGlobalSection
	GlobalSection(ProjectConfigurationPlatforms) = postSolution
		{A1829C69-B298-42C6-A4EF-425E9477E21C}.Debug|Any CPU.ActiveCfg = Debug|Any CPU
		{A1829C69-B298-42C6-A4EF-425E9477E21C}.Debug|Any CPU.Build.0 = Debug|Any CPU
		{A1829C69-B298-42C6-A4EF-425E9477E21C}.Release|Any CPU.ActiveCfg = Release|Any CPU
		{A1829C69-B298-42C6-A4EF-425E9477E21C}.Release|Any CPU.Build.0 = Release|Any CPU
	EndGlobalSection
	GlobalSection(SolutionProperties) = preSolution
		HideSolutionNode = FALSE
	EndGlobalSection
	GlobalSection(ExtensibilityGlobals) = postSolution
		SolutionGuid = {DDA187D1-FAA7-4792-A6A5-35AB4EB57339}
	EndGlobalSection
EndGlobal
