
Microsoft Visual Studio Solution File, Format Version 12.00
# Visual Studio Version 17
VisualStudioVersion = 17.1.32414.318
MinimumVisualStudioVersion = 10.0.40219.1
Project("{FAE04EC0-301F-11D3-BF4B-00C04F79EFBC}") = "LargestAmongThreeNumber", "LargestAmongThreeNumber\LargestAmongThreeNumber.csproj", "{C796136A-9751-4157-84B1-DA0BC492EC9F}"
EndProject
Global
	GlobalSection(SolutionConfigurationPlatforms) = preSolution
		Debug|Any CPU = Debug|Any CPU
		Release|Any CPU = Release|Any CPU
	EndGlobalSection
	GlobalSection(ProjectConfigurationPlatforms) = postSolution
		{C796136A-9751-4157-84B1-DA0BC492EC9F}.Debug|Any CPU.ActiveCfg = Debug|Any CPU
		{C796136A-9751-4157-84B1-DA0BC492EC9F}.Debug|Any CPU.Build.0 = Debug|Any CPU
		{C796136A-9751-4157-84B1-DA0BC492EC9F}.Release|Any CPU.ActiveCfg = Release|Any CPU
		{C796136A-9751-4157-84B1-DA0BC492EC9F}.Release|Any CPU.Build.0 = Release|Any CPU
	EndGlobalSection
	GlobalSection(SolutionProperties) = preSolution
		HideSolutionNode = FALSE
	EndGlobalSection
	GlobalSection(ExtensibilityGlobals) = postSolution
		SolutionGuid = {4AE08581-82BC-4437-8565-018DC43CBC41}
	EndGlobalSection
EndGlobal
